
Microsoft Visual Studio Solution File, Format Version 12.00
# Visual Studio Version 17
VisualStudioVersion = 17.3.32804.467
MinimumVisualStudioVersion = 10.0.40219.1
Project("{FAE04EC0-301F-11D3-BF4B-00C04F79EFBC}") = "TestPowerShellSDK", "TestPowerShellSDK.csproj", "{B162F116-AA69-4B1F-AF79-30685B4E3829}"
EndProject
Global
	GlobalSection(SolutionConfigurationPlatforms) = preSolution
		Debug|Any CPU = Debug|Any CPU
		Release|Any CPU = Release|Any CPU
	EndGlobalSection
	GlobalSection(ProjectConfigurationPlatforms) = postSolution
		{B162F116-AA69-4B1F-AF79-30685B4E3829}.Debug|Any CPU.ActiveCfg = Debug|Any CPU
		{B162F116-AA69-4B1F-AF79-30685B4E3829}.Debug|Any CPU.Build.0 = Debug|Any CPU
		{B162F116-AA69-4B1F-AF79-30685B4E3829}.Release|Any CPU.ActiveCfg = Release|Any CPU
		{B162F116-AA69-4B1F-AF79-30685B4E3829}.Release|Any CPU.Build.0 = Release|Any CPU
	EndGlobalSection
	GlobalSection(SolutionProperties) = preSolution
		HideSolutionNode = FALSE
	EndGlobalSection
	GlobalSection(ExtensibilityGlobals) = postSolution
		SolutionGuid = {742D28AA-F775-41E5-B313-10AC449CBA5A}
	EndGlobalSection
EndGlobal
